// !$*UTF8*$!
{
	archiveVersion = 1;
	classes = {
	};
	objectVersion = 56;
	objects = {

/* Begin PBXBuildFile section */
		3A635CE129177356006AE4B5 /* AppDelegate.swift in Sources */ = {isa = PBXBuildFile; fileRef = 3A635CE029177356006AE4B5 /* AppDelegate.swift */; };
		3A635CE329177356006AE4B5 /* SceneDelegate.swift in Sources */ = {isa = PBXBuildFile; fileRef = 3A635CE229177356006AE4B5 /* SceneDelegate.swift */; };
		3A635CE529177356006AE4B5 /* MainViewController.swift in Sources */ = {isa = PBXBuildFile; fileRef = 3A635CE429177356006AE4B5 /* MainViewController.swift */; };
		3A635CE829177356006AE4B5 /* Main.storyboard in Resources */ = {isa = PBXBuildFile; fileRef = 3A635CE629177356006AE4B5 /* Main.storyboard */; };
		3A635CEA29177358006AE4B5 /* Assets.xcassets in Resources */ = {isa = PBXBuildFile; fileRef = 3A635CE929177358006AE4B5 /* Assets.xcassets */; };
		3A635CED29177358006AE4B5 /* LaunchScreen.storyboard in Resources */ = {isa = PBXBuildFile; fileRef = 3A635CEB29177358006AE4B5 /* LaunchScreen.storyboard */; };
		3A635CF6291774E7006AE4B5 /* SnapKit in Frameworks */ = {isa = PBXBuildFile; productRef = 3A635CF5291774E7006AE4B5 /* SnapKit */; };
		3A635CFF2917789C006AE4B5 /* Model.swift in Sources */ = {isa = PBXBuildFile; fileRef = 3A635CFE2917789C006AE4B5 /* Model.swift */; };
		3A635D01291778B8006AE4B5 /* TableViewCell.swift in Sources */ = {isa = PBXBuildFile; fileRef = 3A635D00291778B8006AE4B5 /* TableViewCell.swift */; };
		3A635D0429177F51006AE4B5 /* CardURL.swift in Sources */ = {isa = PBXBuildFile; fileRef = 3A635D0329177F51006AE4B5 /* CardURL.swift */; };
		3A635D07291782F7006AE4B5 /* String+Extension.swift in Sources */ = {isa = PBXBuildFile; fileRef = 3A635D06291782F7006AE4B5 /* String+Extension.swift */; };
		3ADE347F291C078200953336 /* ModalViewController.swift in Sources */ = {isa = PBXBuildFile; fileRef = 3ADE347E291C078200953336 /* ModalViewController.swift */; };
		3ADE3481291D2DFF00953336 /* FetchImageProtocol+Extension.swift in Sources */ = {isa = PBXBuildFile; fileRef = 3ADE3480291D2DFF00953336 /* FetchImageProtocol+Extension.swift */; };
		3ADE3483291D316400953336 /* CollectionViewCell.swift in Sources */ = {isa = PBXBuildFile; fileRef = 3ADE3482291D316400953336 /* CollectionViewCell.swift */; };
		48BFBEB9A0AD284AC5AFF38D /* Pods_HW21.framework in Frameworks */ = {isa = PBXBuildFile; fileRef = 8EC4FD1BF2DDB2DCCE44DC66 /* Pods_HW21.framework */; };
/* End PBXBuildFile section */

/* Begin PBXFileReference section */
		3A635CDD29177356006AE4B5 /* HW21.app */ = {isa = PBXFileReference; explicitFileType = wrapper.application; includeInIndex = 0; path = HW21.app; sourceTree = BUILT_PRODUCTS_DIR; };
		3A635CE029177356006AE4B5 /* AppDelegate.swift */ = {isa = PBXFileReference; lastKnownFileType = sourcecode.swift; path = AppDelegate.swift; sourceTree = "<group>"; };
		3A635CE229177356006AE4B5 /* SceneDelegate.swift */ = {isa = PBXFileReference; lastKnownFileType = sourcecode.swift; path = SceneDelegate.swift; sourceTree = "<group>"; };
		3A635CE429177356006AE4B5 /* MainViewController.swift */ = {isa = PBXFileReference; lastKnownFileType = sourcecode.swift; path = MainViewController.swift; sourceTree = "<group>"; };
		3A635CE729177356006AE4B5 /* Base */ = {isa = PBXFileReference; lastKnownFileType = file.storyboard; name = Base; path = Base.lproj/Main.storyboard; sourceTree = "<group>"; };
		3A635CE929177358006AE4B5 /* Assets.xcassets */ = {isa = PBXFileReference; lastKnownFileType = folder.assetcatalog; path = Assets.xcassets; sourceTree = "<group>"; };
		3A635CEC29177358006AE4B5 /* Base */ = {isa = PBXFileReference; lastKnownFileType = file.storyboard; name = Base; path = Base.lproj/LaunchScreen.storyboard; sourceTree = "<group>"; };
		3A635CEE29177358006AE4B5 /* Info.plist */ = {isa = PBXFileReference; lastKnownFileType = text.plist.xml; path = Info.plist; sourceTree = "<group>"; };
		3A635CFE2917789C006AE4B5 /* Model.swift */ = {isa = PBXFileReference; lastKnownFileType = sourcecode.swift; path = Model.swift; sourceTree = "<group>"; };
		3A635D00291778B8006AE4B5 /* TableViewCell.swift */ = {isa = PBXFileReference; lastKnownFileType = sourcecode.swift; path = TableViewCell.swift; sourceTree = "<group>"; };
		3A635D0329177F51006AE4B5 /* CardURL.swift */ = {isa = PBXFileReference; lastKnownFileType = sourcecode.swift; path = CardURL.swift; sourceTree = "<group>"; };
		3A635D06291782F7006AE4B5 /* String+Extension.swift */ = {isa = PBXFileReference; lastKnownFileType = sourcecode.swift; path = "String+Extension.swift"; sourceTree = "<group>"; };
		3ADE347E291C078200953336 /* ModalViewController.swift */ = {isa = PBXFileReference; lastKnownFileType = sourcecode.swift; path = ModalViewController.swift; sourceTree = "<group>"; };
		3ADE3480291D2DFF00953336 /* FetchImageProtocol+Extension.swift */ = {isa = PBXFileReference; lastKnownFileType = sourcecode.swift; path = "FetchImageProtocol+Extension.swift"; sourceTree = "<group>"; };
		3ADE3482291D316400953336 /* CollectionViewCell.swift */ = {isa = PBXFileReference; lastKnownFileType = sourcecode.swift; path = CollectionViewCell.swift; sourceTree = "<group>"; };
		4C97FD8667525E9BB534DA97 /* Pods-HW21.release.xcconfig */ = {isa = PBXFileReference; includeInIndex = 1; lastKnownFileType = text.xcconfig; name = "Pods-HW21.release.xcconfig"; path = "Target Support Files/Pods-HW21/Pods-HW21.release.xcconfig"; sourceTree = "<group>"; };
		7760FCE95570C69D3DA9EB30 /* Pods-HW21.debug.xcconfig */ = {isa = PBXFileReference; includeInIndex = 1; lastKnownFileType = text.xcconfig; name = "Pods-HW21.debug.xcconfig"; path = "Target Support Files/Pods-HW21/Pods-HW21.debug.xcconfig"; sourceTree = "<group>"; };
		8EC4FD1BF2DDB2DCCE44DC66 /* Pods_HW21.framework */ = {isa = PBXFileReference; explicitFileType = wrapper.framework; includeInIndex = 0; path = Pods_HW21.framework; sourceTree = BUILT_PRODUCTS_DIR; };
/* End PBXFileReference section */

/* Begin PBXFrameworksBuildPhase section */
		3A635CDA29177356006AE4B5 /* Frameworks */ = {
			isa = PBXFrameworksBuildPhase;
			buildActionMask = 2147483647;
			files = (
				48BFBEB9A0AD284AC5AFF38D /* Pods_HW21.framework in Frameworks */,
				3A635CF6291774E7006AE4B5 /* SnapKit in Frameworks */,
			);
			runOnlyForDeploymentPostprocessing = 0;
		};
/* End PBXFrameworksBuildPhase section */

/* Begin PBXGroup section */
		3A635CD429177356006AE4B5 = {
			isa = PBXGroup;
			children = (
				3A635CDF29177356006AE4B5 /* HW21 */,
				3A635CDE29177356006AE4B5 /* Products */,
				4B681DC1921465426BAE49C6 /* Pods */,
				AB02D2103ABDC7AD67DEE052 /* Frameworks */,
			);
			sourceTree = "<group>";
		};
		3A635CDE29177356006AE4B5 /* Products */ = {
			isa = PBXGroup;
			children = (
				3A635CDD29177356006AE4B5 /* HW21.app */,
			);
			name = Products;
			sourceTree = "<group>";
		};
		3A635CDF29177356006AE4B5 /* HW21 */ = {
			isa = PBXGroup;
			children = (
				3A635CFA29177736006AE4B5 /* Sources */,
				3A635CF729177710006AE4B5 /* Resources */,
			);
			path = HW21;
			sourceTree = "<group>";
		};
		3A635CF729177710006AE4B5 /* Resources */ = {
			isa = PBXGroup;
			children = (
				3A635CF92917772B006AE4B5 /* Storyboards */,
				3A635CF82917771F006AE4B5 /* Configs */,
				3A635CE929177358006AE4B5 /* Assets.xcassets */,
			);
			path = Resources;
			sourceTree = "<group>";
		};
		3A635CF82917771F006AE4B5 /* Configs */ = {
			isa = PBXGroup;
			children = (
				3A635CEE29177358006AE4B5 /* Info.plist */,
			);
			path = Configs;
			sourceTree = "<group>";
		};
		3A635CF92917772B006AE4B5 /* Storyboards */ = {
			isa = PBXGroup;
			children = (
				3A635CE629177356006AE4B5 /* Main.storyboard */,
				3A635CEB29177358006AE4B5 /* LaunchScreen.storyboard */,
			);
			path = Storyboards;
			sourceTree = "<group>";
		};
		3A635CFA29177736006AE4B5 /* Sources */ = {
			isa = PBXGroup;
			children = (
				3A635D05291782DD006AE4B5 /* Protocols & Extensions */,
				3A635D0229177F2A006AE4B5 /* EndPoint */,
				3A635CFD2917788E006AE4B5 /* Model */,
				3A635CFC2917774C006AE4B5 /* Scenes */,
				3A635CFB29177745006AE4B5 /* App */,
			);
			path = Sources;
			sourceTree = "<group>";
		};
		3A635CFB29177745006AE4B5 /* App */ = {
			isa = PBXGroup;
			children = (
				3A635CE029177356006AE4B5 /* AppDelegate.swift */,
				3A635CE229177356006AE4B5 /* SceneDelegate.swift */,
			);
			path = App;
			sourceTree = "<group>";
		};
		3A635CFC2917774C006AE4B5 /* Scenes */ = {
			isa = PBXGroup;
			children = (
				3A635CE429177356006AE4B5 /* MainViewController.swift */,
				3ADE3486291F6EF000953336 /* TableView */,
				3ADE3487291F6F0600953336 /* ModalView */,
			);
			path = Scenes;
			sourceTree = "<group>";
		};
		3A635CFD2917788E006AE4B5 /* Model */ = {
			isa = PBXGroup;
			children = (
				3A635CFE2917789C006AE4B5 /* Model.swift */,
			);
			path = Model;
			sourceTree = "<group>";
		};
		3A635D0229177F2A006AE4B5 /* EndPoint */ = {
			isa = PBXGroup;
			children = (
				3A635D0329177F51006AE4B5 /* CardURL.swift */,
			);
			path = EndPoint;
			sourceTree = "<group>";
		};
		3A635D05291782DD006AE4B5 /* Protocols & Extensions */ = {
			isa = PBXGroup;
			children = (
				3A635D06291782F7006AE4B5 /* String+Extension.swift */,
				3ADE3480291D2DFF00953336 /* FetchImageProtocol+Extension.swift */,
			);
			path = "Protocols & Extensions";
			sourceTree = "<group>";
		};
		3ADE3486291F6EF000953336 /* TableView */ = {
			isa = PBXGroup;
			children = (
				3A635D00291778B8006AE4B5 /* TableViewCell.swift */,
			);
			path = TableView;
			sourceTree = "<group>";
		};
		3ADE3487291F6F0600953336 /* ModalView */ = {
			isa = PBXGroup;
			children = (
				3ADE347E291C078200953336 /* ModalViewController.swift */,
				3ADE3482291D316400953336 /* CollectionViewCell.swift */,
			);
			path = ModalView;
			sourceTree = "<group>";
		};
		4B681DC1921465426BAE49C6 /* Pods */ = {
			isa = PBXGroup;
			children = (
				7760FCE95570C69D3DA9EB30 /* Pods-HW21.debug.xcconfig */,
				4C97FD8667525E9BB534DA97 /* Pods-HW21.release.xcconfig */,
			);
			path = Pods;
			sourceTree = "<group>";
		};
		AB02D2103ABDC7AD67DEE052 /* Frameworks */ = {
			isa = PBXGroup;
			children = (
				8EC4FD1BF2DDB2DCCE44DC66 /* Pods_HW21.framework */,
			);
			name = Frameworks;
			sourceTree = "<group>";
		};
/* End PBXGroup section */

/* Begin PBXNativeTarget section */
		3A635CDC29177356006AE4B5 /* HW21 */ = {
			isa = PBXNativeTarget;
			buildConfigurationList = 3A635CF129177358006AE4B5 /* Build configuration list for PBXNativeTarget "HW21" */;
			buildPhases = (
				16E7F6B4D96DD44351EEBF71 /* [CP] Check Pods Manifest.lock */,
				3A635CD929177356006AE4B5 /* Sources */,
				3A635CDA29177356006AE4B5 /* Frameworks */,
				3A635CDB29177356006AE4B5 /* Resources */,
				95831FCC27B154B2B48583A1 /* [CP] Embed Pods Frameworks */,
			);
			buildRules = (
			);
			dependencies = (
			);
			name = HW21;
			packageProductDependencies = (
				3A635CF5291774E7006AE4B5 /* SnapKit */,
			);
			productName = HW21;
			productReference = 3A635CDD29177356006AE4B5 /* HW21.app */;
			productType = "com.apple.product-type.application";
		};
/* End PBXNativeTarget section */

/* Begin PBXProject section */
		3A635CD529177356006AE4B5 /* Project object */ = {
			isa = PBXProject;
			attributes = {
				BuildIndependentTargetsInParallel = 1;
				LastSwiftUpdateCheck = 1410;
				LastUpgradeCheck = 1410;
				TargetAttributes = {
					3A635CDC29177356006AE4B5 = {
						CreatedOnToolsVersion = 14.1;
					};
				};
			};
			buildConfigurationList = 3A635CD829177356006AE4B5 /* Build configuration list for PBXProject "HW21" */;
			compatibilityVersion = "Xcode 14.0";
			developmentRegion = en;
			hasScannedForEncodings = 0;
			knownRegions = (
				en,
				Base,
			);
			mainGroup = 3A635CD429177356006AE4B5;
			packageReferences = (
				3A635CF4291774E7006AE4B5 /* XCRemoteSwiftPackageReference "SnapKit" */,
			);
			productRefGroup = 3A635CDE29177356006AE4B5 /* Products */;
			projectDirPath = "";
			projectRoot = "";
			targets = (
				3A635CDC29177356006AE4B5 /* HW21 */,
			);
		};
/* End PBXProject section */

/* Begin PBXResourcesBuildPhase section */
		3A635CDB29177356006AE4B5 /* Resources */ = {
			isa = PBXResourcesBuildPhase;
			buildActionMask = 2147483647;
			files = (
				3A635CED29177358006AE4B5 /* LaunchScreen.storyboard in Resources */,
				3A635CEA29177358006AE4B5 /* Assets.xcassets in Resources */,
				3A635CE829177356006AE4B5 /* Main.storyboard in Resources */,
			);
			runOnlyForDeploymentPostprocessing = 0;
		};
/* End PBXResourcesBuildPhase section */

/* Begin PBXShellScriptBuildPhase section */
		16E7F6B4D96DD44351EEBF71 /* [CP] Check Pods Manifest.lock */ = {
			isa = PBXShellScriptBuildPhase;
			buildActionMask = 2147483647;
			files = (
			);
			inputFileListPaths = (
			);
			inputPaths = (
				"${PODS_PODFILE_DIR_PATH}/Podfile.lock",
				"${PODS_ROOT}/Manifest.lock",
			);
			name = "[CP] Check Pods Manifest.lock";
			outputFileListPaths = (
			);
			outputPaths = (
				"$(DERIVED_FILE_DIR)/Pods-HW21-checkManifestLockResult.txt",
			);
			runOnlyForDeploymentPostprocessing = 0;
			shellPath = /bin/sh;
			shellScript = "diff \"${PODS_PODFILE_DIR_PATH}/Podfile.lock\" \"${PODS_ROOT}/Manifest.lock\" > /dev/null\nif [ $? != 0 ] ; then\n    # print error to STDERR\n    echo \"error: The sandbox is not in sync with the Podfile.lock. Run 'pod install' or update your CocoaPods installation.\" >&2\n    exit 1\nfi\n# This output is used by Xcode 'outputs' to avoid re-running this script phase.\necho \"SUCCESS\" > \"${SCRIPT_OUTPUT_FILE_0}\"\n";
			showEnvVarsInLog = 0;
		};
		95831FCC27B154B2B48583A1 /* [CP] Embed Pods Frameworks */ = {
			isa = PBXShellScriptBuildPhase;
			buildActionMask = 2147483647;
			files = (
			);
			inputFileListPaths = (
				"${PODS_ROOT}/Target Support Files/Pods-HW21/Pods-HW21-frameworks-${CONFIGURATION}-input-files.xcfilelist",
			);
			name = "[CP] Embed Pods Frameworks";
			outputFileListPaths = (
				"${PODS_ROOT}/Target Support Files/Pods-HW21/Pods-HW21-frameworks-${CONFIGURATION}-output-files.xcfilelist",
			);
			runOnlyForDeploymentPostprocessing = 0;
			shellPath = /bin/sh;
			shellScript = "\"${PODS_ROOT}/Target Support Files/Pods-HW21/Pods-HW21-frameworks.sh\"\n";
			showEnvVarsInLog = 0;
		};
/* End PBXShellScriptBuildPhase section */

/* Begin PBXSourcesBuildPhase section */
		3A635CD929177356006AE4B5 /* Sources */ = {
			isa = PBXSourcesBuildPhase;
			buildActionMask = 2147483647;
			files = (
				3ADE3483291D316400953336 /* CollectionViewCell.swift in Sources */,
				3ADE347F291C078200953336 /* ModalViewController.swift in Sources */,
				3ADE3481291D2DFF00953336 /* FetchImageProtocol+Extension.swift in Sources */,
				3A635D01291778B8006AE4B5 /* TableViewCell.swift in Sources */,
				3A635D07291782F7006AE4B5 /* String+Extension.swift in Sources */,
				3A635CE529177356006AE4B5 /* MainViewController.swift in Sources */,
				3A635CE129177356006AE4B5 /* AppDelegate.swift in Sources */,
				3A635CE329177356006AE4B5 /* SceneDelegate.swift in Sources */,
				3A635CFF2917789C006AE4B5 /* Model.swift in Sources */,
				3A635D0429177F51006AE4B5 /* CardURL.swift in Sources */,
			);
			runOnlyForDeploymentPostprocessing = 0;
		};
/* End PBXSourcesBuildPhase section */

/* Begin PBXVariantGroup section */
		3A635CE629177356006AE4B5 /* Main.storyboard */ = {
			isa = PBXVariantGroup;
			children = (
				3A635CE729177356006AE4B5 /* Base */,
			);
			name = Main.storyboard;
			sourceTree = "<group>";
		};
		3A635CEB29177358006AE4B5 /* LaunchScreen.storyboard */ = {
			isa = PBXVariantGroup;
			children = (
				3A635CEC29177358006AE4B5 /* Base */,
			);
			name = LaunchScreen.storyboard;
			sourceTree = "<group>";
		};
/* End PBXVariantGroup section */

/* Begin XCBuildConfiguration section */
		3A635CEF29177358006AE4B5 /* Debug */ = {
			isa = XCBuildConfiguration;
			buildSettings = {
				ALWAYS_SEARCH_USER_PATHS = NO;
				CLANG_ANALYZER_NONNULL = YES;
				CLANG_ANALYZER_NUMBER_OBJECT_CONVERSION = YES_AGGRESSIVE;
				CLANG_CXX_LANGUAGE_STANDARD = "gnu++20";
				CLANG_ENABLE_MODULES = YES;
				CLANG_ENABLE_OBJC_ARC = YES;
				CLANG_ENABLE_OBJC_WEAK = YES;
				CLANG_WARN_BLOCK_CAPTURE_AUTORELEASING = YES;
				CLANG_WARN_BOOL_CONVERSION = YES;
				CLANG_WARN_COMMA = YES;
				CLANG_WARN_CONSTANT_CONVERSION = YES;
				CLANG_WARN_DEPRECATED_OBJC_IMPLEMENTATIONS = YES;
				CLANG_WARN_DIRECT_OBJC_ISA_USAGE = YES_ERROR;
				CLANG_WARN_DOCUMENTATION_COMMENTS = YES;
				CLANG_WARN_EMPTY_BODY = YES;
				CLANG_WARN_ENUM_CONVERSION = YES;
				CLANG_WARN_INFINITE_RECURSION = YES;
				CLANG_WARN_INT_CONVERSION = YES;
				CLANG_WARN_NON_LITERAL_NULL_CONVERSION = YES;
				CLANG_WARN_OBJC_IMPLICIT_RETAIN_SELF = YES;
				CLANG_WARN_OBJC_LITERAL_CONVERSION = YES;
				CLANG_WARN_OBJC_ROOT_CLASS = YES_ERROR;
				CLANG_WARN_QUOTED_INCLUDE_IN_FRAMEWORK_HEADER = YES;
				CLANG_WARN_RANGE_LOOP_ANALYSIS = YES;
				CLANG_WARN_STRICT_PROTOTYPES = YES;
				CLANG_WARN_SUSPICIOUS_MOVE = YES;
				CLANG_WARN_UNGUARDED_AVAILABILITY = YES_AGGRESSIVE;
				CLANG_WARN_UNREACHABLE_CODE = YES;
				CLANG_WARN__DUPLICATE_METHOD_MATCH = YES;
				COPY_PHASE_STRIP = NO;
				DEBUG_INFORMATION_FORMAT = dwarf;
				ENABLE_STRICT_OBJC_MSGSEND = YES;
				ENABLE_TESTABILITY = YES;
				GCC_C_LANGUAGE_STANDARD = gnu11;
				GCC_DYNAMIC_NO_PIC = NO;
				GCC_NO_COMMON_BLOCKS = YES;
				GCC_OPTIMIZATION_LEVEL = 0;
				GCC_PREPROCESSOR_DEFINITIONS = (
					"DEBUG=1",
					"$(inherited)",
				);
				GCC_WARN_64_TO_32_BIT_CONVERSION = YES;
				GCC_WARN_ABOUT_RETURN_TYPE = YES_ERROR;
				GCC_WARN_UNDECLARED_SELECTOR = YES;
				GCC_WARN_UNINITIALIZED_AUTOS = YES_AGGRESSIVE;
				GCC_WARN_UNUSED_FUNCTION = YES;
				GCC_WARN_UNUSED_VARIABLE = YES;
				IPHONEOS_DEPLOYMENT_TARGET = 16.1;
				MTL_ENABLE_DEBUG_INFO = INCLUDE_SOURCE;
				MTL_FAST_MATH = YES;
				ONLY_ACTIVE_ARCH = YES;
				SDKROOT = iphoneos;
				SWIFT_ACTIVE_COMPILATION_CONDITIONS = DEBUG;
				SWIFT_OPTIMIZATION_LEVEL = "-Onone";
			};
			name = Debug;
		};
		3A635CF029177358006AE4B5 /* Release */ = {
			isa = XCBuildConfiguration;
			buildSettings = {
				ALWAYS_SEARCH_USER_PATHS = NO;
				CLANG_ANALYZER_NONNULL = YES;
				CLANG_ANALYZER_NUMBER_OBJECT_CONVERSION = YES_AGGRESSIVE;
				CLANG_CXX_LANGUAGE_STANDARD = "gnu++20";
				CLANG_ENABLE_MODULES = YES;
				CLANG_ENABLE_OBJC_ARC = YES;
				CLANG_ENABLE_OBJC_WEAK = YES;
				CLANG_WARN_BLOCK_CAPTURE_AUTORELEASING = YES;
				CLANG_WARN_BOOL_CONVERSION = YES;
				CLANG_WARN_COMMA = YES;
				CLANG_WARN_CONSTANT_CONVERSION = YES;
				CLANG_WARN_DEPRECATED_OBJC_IMPLEMENTATIONS = YES;
				CLANG_WARN_DIRECT_OBJC_ISA_USAGE = YES_ERROR;
				CLANG_WARN_DOCUMENTATION_COMMENTS = YES;
				CLANG_WARN_EMPTY_BODY = YES;
				CLANG_WARN_ENUM_CONVERSION = YES;
				CLANG_WARN_INFINITE_RECURSION = YES;
				CLANG_WARN_INT_CONVERSION = YES;
				CLANG_WARN_NON_LITERAL_NULL_CONVERSION = YES;
				CLANG_WARN_OBJC_IMPLICIT_RETAIN_SELF = YES;
				CLANG_WARN_OBJC_LITERAL_CONVERSION = YES;
				CLANG_WARN_OBJC_ROOT_CLASS = YES_ERROR;
				CLANG_WARN_QUOTED_INCLUDE_IN_FRAMEWORK_HEADER = YES;
				CLANG_WARN_RANGE_LOOP_ANALYSIS = YES;
				CLANG_WARN_STRICT_PROTOTYPES = YES;
				CLANG_WARN_SUSPICIOUS_MOVE = YES;
				CLANG_WARN_UNGUARDED_AVAILABILITY = YES_AGGRESSIVE;
				CLANG_WARN_UNREACHABLE_CODE = YES;
				CLANG_WARN__DUPLICATE_METHOD_MATCH = YES;
				COPY_PHASE_STRIP = NO;
				DEBUG_INFORMATION_FORMAT = "dwarf-with-dsym";
				ENABLE_NS_ASSERTIONS = NO;
				ENABLE_STRICT_OBJC_MSGSEND = YES;
				GCC_C_LANGUAGE_STANDARD = gnu11;
				GCC_NO_COMMON_BLOCKS = YES;
				GCC_WARN_64_TO_32_BIT_CONVERSION = YES;
				GCC_WARN_ABOUT_RETURN_TYPE = YES_ERROR;
				GCC_WARN_UNDECLARED_SELECTOR = YES;
				GCC_WARN_UNINITIALIZED_AUTOS = YES_AGGRESSIVE;
				GCC_WARN_UNUSED_FUNCTION = YES;
				GCC_WARN_UNUSED_VARIABLE = YES;
				IPHONEOS_DEPLOYMENT_TARGET = 16.1;
				MTL_ENABLE_DEBUG_INFO = NO;
				MTL_FAST_MATH = YES;
				SDKROOT = iphoneos;
				SWIFT_COMPILATION_MODE = wholemodule;
				SWIFT_OPTIMIZATION_LEVEL = "-O";
				VALIDATE_PRODUCT = YES;
			};
			name = Release;
		};
		3A635CF229177358006AE4B5 /* Debug */ = {
			isa = XCBuildConfiguration;
			baseConfigurationReference = 7760FCE95570C69D3DA9EB30 /* Pods-HW21.debug.xcconfig */;
			buildSettings = {
				ASSETCATALOG_COMPILER_APPICON_NAME = AppIcon;
				ASSETCATALOG_COMPILER_GLOBAL_ACCENT_COLOR_NAME = AccentColor;
				CODE_SIGN_STYLE = Automatic;
				CURRENT_PROJECT_VERSION = 1;
				DEVELOPMENT_TEAM = XPDQ86R58G;
				GENERATE_INFOPLIST_FILE = YES;
				INFOPLIST_FILE = HW21/Resources/Configs/Info.plist;
				INFOPLIST_KEY_UIApplicationSupportsIndirectInputEvents = YES;
				INFOPLIST_KEY_UILaunchStoryboardName = LaunchScreen;
				INFOPLIST_KEY_UIMainStoryboardFile = Main;
				INFOPLIST_KEY_UISupportedInterfaceOrientations_iPad = "UIInterfaceOrientationPortrait UIInterfaceOrientationPortraitUpsideDown UIInterfaceOrientationLandscapeLeft UIInterfaceOrientationLandscapeRight";
				INFOPLIST_KEY_UISupportedInterfaceOrientations_iPhone = "UIInterfaceOrientationPortrait UIInterfaceOrientationLandscapeLeft UIInterfaceOrientationLandscapeRight";
				IPHONEOS_DEPLOYMENT_TARGET = 15.2;
				LD_RUNPATH_SEARCH_PATHS = (
					"$(inherited)",
					"@executable_path/Frameworks",
				);
				MARKETING_VERSION = 1.0;
				PRODUCT_BUNDLE_IDENTIFIER = com.my.HW21;
				PRODUCT_NAME = "$(TARGET_NAME)";
				SWIFT_EMIT_LOC_STRINGS = YES;
				SWIFT_VERSION = 5.0;
				TARGETED_DEVICE_FAMILY = "1,2";
			};
			name = Debug;
		};
		3A635CF329177358006AE4B5 /* Release */ = {
			isa = XCBuildConfiguration;
			baseConfigurationReference = 4C97FD8667525E9BB534DA97 /* Pods-HW21.release.xcconfig */;
			buildSettings = {
				ASSETCATALOG_COMPILER_APPICON_NAME = AppIcon;
				ASSETCATALOG_COMPILER_GLOBAL_ACCENT_COLOR_NAME = AccentColor;
				CODE_SIGN_STYLE = Automatic;
				CURRENT_PROJECT_VERSION = 1;
				DEVELOPMENT_TEAM = XPDQ86R58G;
				GENERATE_INFOPLIST_FILE = YES;
				INFOPLIST_FILE = HW21/Resources/Configs/Info.plist;
				INFOPLIST_KEY_UIApplicationSupportsIndirectInputEvents = YES;
				INFOPLIST_KEY_UILaunchStoryboardName = LaunchScreen;
				INFOPLIST_KEY_UIMainStoryboardFile = Main;
				INFOPLIST_KEY_UISupportedInterfaceOrientations_iPad = "UIInterfaceOrientationPortrait UIInterfaceOrientationPortraitUpsideDown UIInterfaceOrientationLandscapeLeft UIInterfaceOrientationLandscapeRight";
				INFOPLIST_KEY_UISupportedInterfaceOrientations_iPhone = "UIInterfaceOrientationPortrait UIInterfaceOrientationLandscapeLeft UIInterfaceOrientationLandscapeRight";
				IPHONEOS_DEPLOYMENT_TARGET = 15.2;
				LD_RUNPATH_SEARCH_PATHS = (
					"$(inherited)",
					"@executable_path/Frameworks",
				);
				MARKETING_VERSION = 1.0;
				PRODUCT_BUNDLE_IDENTIFIER = com.my.HW21;
				PRODUCT_NAME = "$(TARGET_NAME)";
				SWIFT_EMIT_LOC_STRINGS = YES;
				SWIFT_VERSION = 5.0;
				TARGETED_DEVICE_FAMILY = "1,2";
			};
			name = Release;
		};
/* End XCBuildConfiguration section */

/* Begin XCConfigurationList section */
		3A635CD829177356006AE4B5 /* Build configuration list for PBXProject "HW21" */ = {
			isa = XCConfigurationList;
			buildConfigurations = (
				3A635CEF29177358006AE4B5 /* Debug */,
				3A635CF029177358006AE4B5 /* Release */,
			);
			defaultConfigurationIsVisible = 0;
			defaultConfigurationName = Release;
		};
		3A635CF129177358006AE4B5 /* Build configuration list for PBXNativeTarget "HW21" */ = {
			isa = XCConfigurationList;
			buildConfigurations = (
				3A635CF229177358006AE4B5 /* Debug */,
				3A635CF329177358006AE4B5 /* Release */,
			);
			defaultConfigurationIsVisible = 0;
			defaultConfigurationName = Release;
		};
/* End XCConfigurationList section */

/* Begin XCRemoteSwiftPackageReference section */
		3A635CF4291774E7006AE4B5 /* XCRemoteSwiftPackageReference "SnapKit" */ = {
			isa = XCRemoteSwiftPackageReference;
			repositoryURL = "https://github.com/SnapKit/SnapKit.git";
			requirement = {
				branch = develop;
				kind = branch;
			};
		};
/* End XCRemoteSwiftPackageReference section */

/* Begin XCSwiftPackageProductDependency section */
		3A635CF5291774E7006AE4B5 /* SnapKit */ = {
			isa = XCSwiftPackageProductDependency;
			package = 3A635CF4291774E7006AE4B5 /* XCRemoteSwiftPackageReference "SnapKit" */;
			productName = SnapKit;
		};
/* End XCSwiftPackageProductDependency section */
	};
	rootObject = 3A635CD529177356006AE4B5 /* Project object */;
}
